PODS:
  - Cartography (4.0.0)
  - Eureka (5.3.3)
  - Kingfisher (6.3.0)
  - R.swift (5.4.0):
    - R.swift.Library (~> 5.3.0)
  - R.swift.Library (5.3.0)
  - Realm (10.7.6):
    - Realm/Headers (= 10.7.6)
  - Realm/Headers (10.7.6)
  - RealmSwift (10.7.6):
    - Realm (= 10.7.6)
  - RxCocoa (6.2.0):
    - RxRelay (= 6.2.0)
    - RxSwift (= 6.2.0)
  - RxRealm (5.0.1):
    - Realm (~> 10.5)
    - RealmSwift (~> 10.5)
    - RxCocoa (~> 6.0)
    - RxSwift (~> 6.0)
  - RxRelay (6.2.0):
    - RxSwift (= 6.2.0)
  - RxSwift (6.2.0)
  - SwiftLint (0.43.1)

DEPENDENCIES:
  - Cartography (= 4.0.0)
  - Eureka (= 5.3.3)
  - Kingfisher (= 6.3.0)
  - R.swift (= 5.4.0)
  - RealmSwift (= 10.7.6)
  - RxCocoa (= 6.2.0)
  - RxRealm (= 5.0.1)
  - RxSwift (= 6.2.0)
  - SwiftLint

SPEC REPOS:
  trunk:
    - Cartography
    - Eureka
    - Kingfisher
    - R.swift
    - R.swift.Library
    - Realm
    - RealmSwift
    - RxCocoa
    - RxRealm
    - RxRelay
    - RxSwift
    - SwiftLint

SPEC CHECKSUMS:
  Cartography: c5626d29056b20f1e95c017326ee4df57cc39ad8
  Eureka: e6d720290c56bb23333ad1a0e020b2a98a0e9a43
  Kingfisher: 6c3df386db71d82c0817a429d2c9421a77396529
  R.swift: c533450b0f7dc494e0993f5f1a1db925d84c3006
  R.swift.Library: 0fc583cb55a99e28901299cc451614cad1161962
  Realm: ed860452717c8db8f4bf832b6807f7f2ce708839
  RealmSwift: e31c4ddbcc42ac879313d656b86f9ca539f6f4f4
  RxCocoa: 4baf94bb35f2c0ab31bc0cb9f1900155f646ba42
  RxRealm: bd7c601e78cfebe48c24d4550db83c31e1ab2c33
  RxRelay: e72dbfd157807478401ef1982e1c61c945c94b2f
  RxSwift: d356ab7bee873611322f134c5f9ef379fa183d8f
  SwiftLint: 99f82d07b837b942dd563c668de129a03fc3fb52

PODFILE CHECKSUM: 040b71c4e28fb169ed03d42885870233e0970adc

COCOAPODS: 1.10.1
